# This file is automatically @generated by Cargo.
# It is not intended for manual editing.
version = 4

[[package]]
name = "netbadb-compiler"
version = "0.1.0"
dependencies = [
 "netbadb-hir",
 "netbadb-parser",
 "netbadb-rel",
 "netbadb-schema",
 "netbadb-types",
]

[[package]]
name = "netbadb-core"
version = "0.1.0"
dependencies = [
 "netbadb-compiler",
 "netbadb-executor",
 "netbadb-planner",
 "netbadb-schema",
 "netbadb-storage",
 "netbadb-types",
]

[[package]]
name = "netbadb-executor"
version = "0.1.0"
dependencies = [
 "netbadb-planner",
 "netbadb-rel",
 "netbadb-schema",
 "netbadb-storage",
 "netbadb-types",
]

[[package]]
name = "netbadb-hir"
version = "0.1.0"
dependencies = [
 "netbadb-parser",
 "netbadb-schema",
 "netbadb-types",
]

[[package]]
name = "netbadb-parser"
version = "0.1.0"

[[package]]
name = "netbadb-planner"
version = "0.1.0"
dependencies = [
 "netbadb-rel",
 "netbadb-types",
]

[[package]]
name = "netbadb-rel"
version = "0.1.0"
dependencies = [
 "netbadb-types",
]

[[package]]
name = "netbadb-schema"
version = "0.1.0"
dependencies = [
 "netbadb-types",
]

[[package]]
name = "netbadb-sdk"
version = "0.1.0"
dependencies = [
 "netbadb-core",
 "netbadb-executor",
 "netbadb-schema",
 "netbadb-types",
]

[[package]]
name = "netbadb-storage"
version = "0.1.0"
dependencies = [
 "netbadb-schema",
 "netbadb-types",
]

[[package]]
name = "netbadb-types"
version = "0.1.0"
